
Microsoft Visual Studio Solution File, Format Version 12.00
# Visual Studio Version 18
VisualStudioVersion = 18.11.12210.170 insiders
MinimumVisualStudioVersion = 10.0.40219.1
Project("{2150E333-8FDC-42A3-9474-1A3956D46DE8}") = "src", "src", "{02EA681E-C7D8-13C7-8484-4AC65E1B71E8}"
EndProject
Project("{2150E333-8FDC-42A3-9474-1A3956D46DE8}") = "CORE", "CORE", "{8D82E72E-6544-46DD-B4F5-AA07CD91CE50}"
EndProject
Project("{2150E333-8FDC-42A3-9474-1A3956D46DE8}") = "DAL", "DAL", "{EC9342EA-98FB-4109-9DAC-DBBF54EE706D}"
EndProject
Project("{2150E333-8FDC-42A3-9474-1A3956D46DE8}") = "BLL", "BLL", "{87BBC267-1C6F-42EE-83E4-08E599AE30B8}"
EndProject
Project("{2150E333-8FDC-42A3-9474-1A3956D46DE8}") = "PRESENTATION", "PRESENTATION", "{4AE80F77-6B05-46D3-9C5E-DE458D0E7823}"
EndProject
Project("{2150E333-8FDC-42A3-9474-1A3956D46DE8}") = "Solution Items", "Solution Items", "{8EC462FD-D22E-90A8-E5CE-7E832BA40C5D}"
	ProjectSection(SolutionItems) = preProject
		.env = .env
		.gitignore = .gitignore
		README.md = README.md
	EndProjectSection
EndProject
Project("{FAE04EC0-301F-11D3-BF4B-00C04F79EFBC}") = "Weather.BLL", "src\BLL\Weather.BLL\Weather.BLL.csproj", "{7B61B852-DE88-422E-B77A-BF1D3F89D880}"
EndProject
Project("{FAE04EC0-301F-11D3-BF4B-00C04F79EFBC}") = "Weather.CORE", "src\CORE\Weather.CORE\Weather.CORE.csproj", "{7FF79D95-A825-502E-3B9F-F76B0F142CC9}"
EndProject
Project("{FAE04EC0-301F-11D3-BF4B-00C04F79EFBC}") = "Weather.DAL", "src\DAL\Weather.DAL\Weather.DAL.csproj", "{510F15DB-9386-9257-1606-5F014B9EE2EE}"
EndProject
Project("{FAE04EC0-301F-11D3-BF4B-00C04F79EFBC}") = "WeatherAPI", "src\PRESENTATION\WeatherAPI\WeatherAPI.csproj", "{F97C806F-8068-8DE7-92B0-48E0F6300059}"
EndProject
Global
	GlobalSection(SolutionConfigurationPlatforms) = preSolution
		Debug|Any CPU = Debug|Any CPU
		Release|Any CPU = Release|Any CPU
	EndGlobalSection
	GlobalSection(ProjectConfigurationPlatforms) = postSolution
		{7B61B852-DE88-422E-B77A-BF1D3F89D880}.Debug|Any CPU.ActiveCfg = Debug|Any CPU
		{7B61B852-DE88-422E-B77A-BF1D3F89D880}.Debug|Any CPU.Build.0 = Debug|Any CPU
		{7B61B852-DE88-422E-B77A-BF1D3F89D880}.Release|Any CPU.ActiveCfg = Release|Any CPU
		{7B61B852-DE88-422E-B77A-BF1D3F89D880}.Release|Any CPU.Build.0 = Release|Any CPU
		{7FF79D95-A825-502E-3B9F-F76B0F142CC9}.Debug|Any CPU.ActiveCfg = Debug|Any CPU
		{7FF79D95-A825-502E-3B9F-F76B0F142CC9}.Debug|Any CPU.Build.0 = Debug|Any CPU
		{7FF79D95-A825-502E-3B9F-F76B0F142CC9}.Release|Any CPU.ActiveCfg = Release|Any CPU
		{7FF79D95-A825-502E-3B9F-F76B0F142CC9}.Release|Any CPU.Build.0 = Release|Any CPU
		{510F15DB-9386-9257-1606-5F014B9EE2EE}.Debug|Any CPU.ActiveCfg = Debug|Any CPU
		{510F15DB-9386-9257-1606-5F014B9EE2EE}.Debug|Any CPU.Build.0 = Debug|Any CPU
		{510F15DB-9386-9257-1606-5F014B9EE2EE}.Release|Any CPU.ActiveCfg = Release|Any CPU
		{510F15DB-9386-9257-1606-5F014B9EE2EE}.Release|Any CPU.Build.0 = Release|Any CPU
		{F97C806F-8068-8DE7-92B0-48E0F6300059}.Debug|Any CPU.ActiveCfg = Debug|Any CPU
		{F97C806F-8068-8DE7-92B0-48E0F6300059}.Debug|Any CPU.Build.0 = Debug|Any CPU
		{F97C806F-8068-8DE7-92B0-48E0F6300059}.Release|Any CPU.ActiveCfg = Release|Any CPU
		{F97C806F-8068-8DE7-92B0-48E0F6300059}.Release|Any CPU.Build.0 = Release|Any CPU
	EndGlobalSection
	GlobalSection(SolutionProperties) = preSolution
		HideSolutionNode = FALSE
	EndGlobalSection
	GlobalSection(NestedProjects) = preSolution
		{8D82E72E-6544-46DD-B4F5-AA07CD91CE50} = {02EA681E-C7D8-13C7-8484-4AC65E1B71E8}
		{EC9342EA-98FB-4109-9DAC-DBBF54EE706D} = {02EA681E-C7D8-13C7-8484-4AC65E1B71E8}
		{87BBC267-1C6F-42EE-83E4-08E599AE30B8} = {02EA681E-C7D8-13C7-8484-4AC65E1B71E8}
		{4AE80F77-6B05-46D3-9C5E-DE458D0E7823} = {02EA681E-C7D8-13C7-8484-4AC65E1B71E8}
		{7B61B852-DE88-422E-B77A-BF1D3F89D880} = {87BBC267-1C6F-42EE-83E4-08E599AE30B8}
		{7FF79D95-A825-502E-3B9F-F76B0F142CC9} = {8D82E72E-6544-46DD-B4F5-AA07CD91CE50}
		{510F15DB-9386-9257-1606-5F014B9EE2EE} = {EC9342EA-98FB-4109-9DAC-DBBF54EE706D}
		{F97C806F-8068-8DE7-92B0-48E0F6300059} = {4AE80F77-6B05-46D3-9C5E-DE458D0E7823}
	EndGlobalSection
	GlobalSection(ExtensibilityGlobals) = postSolution
		SolutionGuid = {C7662BA0-7143-40E8-A1BB-D0AC0C422BF5}
	EndGlobalSection
EndGlobal
